
Microsoft Visual Studio Solution File, Format Version 12.00
# Visual Studio 15
VisualStudioVersion = 15.0.27703.2035
MinimumVisualStudioVersion = 10.0.40219.1
Project("{FAE04EC0-301F-11D3-BF4B-00C04F79EFBC}") = "comic-book-gallery", "comic-book-gallery\comic-book-gallery.csproj", "{94157BE7-8C70-457B-9F3A-885B03A3F161}"
EndProject
Global
	GlobalSection(SolutionConfigurationPlatforms) = preSolution
		Debug|Any CPU = Debug|Any CPU
		Release|Any CPU = Release|Any CPU
	EndGlobalSection
	GlobalSection(ProjectConfigurationPlatforms) = postSolution
		{94157BE7-8C70-457B-9F3A-885B03A3F161}.Debug|Any CPU.ActiveCfg = Debug|Any CPU
		{94157BE7-8C70-457B-9F3A-885B03A3F161}.Debug|Any CPU.Build.0 = Debug|Any CPU
		{94157BE7-8C70-457B-9F3A-885B03A3F161}.Release|Any CPU.ActiveCfg = Release|Any CPU
		{94157BE7-8C70-457B-9F3A-885B03A3F161}.Release|Any CPU.Build.0 = Release|Any CPU
	EndGlobalSection
	GlobalSection(SolutionProperties) = preSolution
		HideSolutionNode = FALSE
	EndGlobalSection
	GlobalSection(ExtensibilityGlobals) = postSolution
		SolutionGuid = {4EDD0949-749B-4B79-A55F-FD295909ECB5}
	EndGlobalSection
EndGlobal
